
Microsoft Visual Studio Solution File, Format Version 12.00
# Visual Studio Version 17
VisualStudioVersion = 17.0.32112.339
MinimumVisualStudioVersion = 10.0.40219.1
Project("{FAE04EC0-301F-11D3-BF4B-00C04F79EFBC}") = "liczby", "liczby\liczby.csproj", "{63190FCA-5FDC-495B-8722-20E473BB0A07}"
EndProject
Global
	GlobalSection(SolutionConfigurationPlatforms) = preSolution
		Debug|Any CPU = Debug|Any CPU
		Release|Any CPU = Release|Any CPU
	EndGlobalSection
	GlobalSection(ProjectConfigurationPlatforms) = postSolution
		{63190FCA-5FDC-495B-8722-20E473BB0A07}.Debug|Any CPU.ActiveCfg = Debug|Any CPU
		{63190FCA-5FDC-495B-8722-20E473BB0A07}.Debug|Any CPU.Build.0 = Debug|Any CPU
		{63190FCA-5FDC-495B-8722-20E473BB0A07}.Release|Any CPU.ActiveCfg = Release|Any CPU
		{63190FCA-5FDC-495B-8722-20E473BB0A07}.Release|Any CPU.Build.0 = Release|Any CPU
	EndGlobalSection
	GlobalSection(SolutionProperties) = preSolution
		HideSolutionNode = FALSE
	EndGlobalSection
	GlobalSection(ExtensibilityGlobals) = postSolution
		SolutionGuid = {79F9BEA0-9904-4CC4-9733-C4FB3BC79807}
	EndGlobalSection
EndGlobal
